
Microsoft Visual Studio Solution File, Format Version 12.00
# Visual Studio 15
Project("{FAE04EC0-301F-11D3-BF4B-00C04F79EFBC}") = "Assembly-CSharp", "Assembly-CSharp.csproj", "{165D63E6-A9F4-3740-6ABD-707348351593}"
EndProject
Project("{FAE04EC0-301F-11D3-BF4B-00C04F79EFBC}") = "Assembly-CSharp-Editor", "Assembly-CSharp-Editor.csproj", "{F883ED3D-8758-A272-0E10-1CD55280FC02}"
EndProject
Global
	GlobalSection(SolutionConfigurationPlatforms) = preSolution
		Debug|Any CPU = Debug|Any CPU
		Release|Any CPU = Release|Any CPU
	EndGlobalSection
	GlobalSection(ProjectConfigurationPlatforms) = postSolution
		{165D63E6-A9F4-3740-6ABD-707348351593}.Debug|Any CPU.ActiveCfg = Debug|Any CPU
		{165D63E6-A9F4-3740-6ABD-707348351593}.Debug|Any CPU.Build.0 = Debug|Any CPU
		{165D63E6-A9F4-3740-6ABD-707348351593}.Release|Any CPU.ActiveCfg = Release|Any CPU
		{165D63E6-A9F4-3740-6ABD-707348351593}.Release|Any CPU.Build.0 = Release|Any CPU
		{F883ED3D-8758-A272-0E10-1CD55280FC02}.Debug|Any CPU.ActiveCfg = Debug|Any CPU
		{F883ED3D-8758-A272-0E10-1CD55280FC02}.Debug|Any CPU.Build.0 = Debug|Any CPU
		{F883ED3D-8758-A272-0E10-1CD55280FC02}.Release|Any CPU.ActiveCfg = Release|Any CPU
		{F883ED3D-8758-A272-0E10-1CD55280FC02}.Release|Any CPU.Build.0 = Release|Any CPU
	EndGlobalSection
	GlobalSection(SolutionProperties) = preSolution
		HideSolutionNode = FALSE
	EndGlobalSection
EndGlobal
