
Microsoft Visual Studio Solution File, Format Version 11.00
# Visual Studio 2010
Project("{FAE04EC0-301F-11D3-BF4B-00C04F79EFBC}") = "Assembly-CSharp", "Assembly-CSharp.csproj", "{FAA0068A-9193-C2DD-94B3-E879A76F5403}"
EndProject
Global
	GlobalSection(SolutionConfigurationPlatforms) = preSolution
		Debug|Any CPU = Debug|Any CPU
		Release|Any CPU = Release|Any CPU
	EndGlobalSection
	GlobalSection(ProjectConfigurationPlatforms) = postSolution
		{FAA0068A-9193-C2DD-94B3-E879A76F5403}.Debug|Any CPU.ActiveCfg = Debug|Any CPU
		{FAA0068A-9193-C2DD-94B3-E879A76F5403}.Debug|Any CPU.Build.0 = Debug|Any CPU
		{FAA0068A-9193-C2DD-94B3-E879A76F5403}.Release|Any CPU.ActiveCfg = Release|Any CPU
		{FAA0068A-9193-C2DD-94B3-E879A76F5403}.Release|Any CPU.Build.0 = Release|Any CPU
	EndGlobalSection
	GlobalSection(SolutionProperties) = preSolution
		HideSolutionNode = FALSE
	EndGlobalSection
	GlobalSection(MonoDevelopProperties) = preSolution
		StartupItem = Assembly-CSharp.csproj
	EndGlobalSection
EndGlobal
